
Microsoft Visual Studio Solution File, Format Version 12.00
# Visual Studio Version 16
VisualStudioVersion = 16.0.30011.22
MinimumVisualStudioVersion = 10.0.40219.1
Project("{FAE04EC0-301F-11D3-BF4B-00C04F79EFBC}") = "Demoproject", "Demoproject\Demoproject.csproj", "{E64A703A-81BF-41D0-923B-193C831DE67F}"
EndProject
Global
	GlobalSection(SolutionConfigurationPlatforms) = preSolution
		Debug|Any CPU = Debug|Any CPU
		Release|Any CPU = Release|Any CPU
	EndGlobalSection
	GlobalSection(ProjectConfigurationPlatforms) = postSolution
		{E64A703A-81BF-41D0-923B-193C831DE67F}.Debug|Any CPU.ActiveCfg = Debug|Any CPU
		{E64A703A-81BF-41D0-923B-193C831DE67F}.Debug|Any CPU.Build.0 = Debug|Any CPU
		{E64A703A-81BF-41D0-923B-193C831DE67F}.Release|Any CPU.ActiveCfg = Release|Any CPU
		{E64A703A-81BF-41D0-923B-193C831DE67F}.Release|Any CPU.Build.0 = Release|Any CPU
	EndGlobalSection
	GlobalSection(SolutionProperties) = preSolution
		HideSolutionNode = FALSE
	EndGlobalSection
	GlobalSection(ExtensibilityGlobals) = postSolution
		SolutionGuid = {27EF97A2-8095-42F4-83D6-C42250FD9FB8}
	EndGlobalSection
EndGlobal
